
Microsoft Visual Studio Solution File, Format Version 12.00
Project("{FAE04EC0-301F-11D3-BF4B-00C04F79EFBC}") = "NotesApi", "NotesApi\NotesApi.csproj", "{F4EC79E3-F527-4C2E-8E09-DC2D958BA2EC}"
EndProject
Project("{2150E333-8FDC-42A3-9474-1A3956D46DE8}") = "Models", "Models", "{6061AB10-8931-47CB-B49C-9F181A78E787}"
EndProject
Project("{FAE04EC0-301F-11D3-BF4B-00C04F79EFBC}") = "View", "View\View.csproj", "{2FCB0BAC-78D5-4099-BF25-C0A119240528}"
EndProject
Project("{FAE04EC0-301F-11D3-BF4B-00C04F79EFBC}") = "Database", "Database\Database.csproj", "{5824D4E7-49AA-453B-8E3A-6646EA85F07A}"
EndProject
Project("{2150E333-8FDC-42A3-9474-1A3956D46DE8}") = "Builders", "Builders", "{6631AF99-A91D-41A4-A9F9-6E4F5CCEF867}"
EndProject
Project("{FAE04EC0-301F-11D3-BF4B-00C04F79EFBC}") = "Domain", "Domain\Domain.csproj", "{B03BD2D2-7AF2-4F0E-83A3-28AA65AEC656}"
EndProject
Project("{FAE04EC0-301F-11D3-BF4B-00C04F79EFBC}") = "Blank", "Blank\Blank.csproj", "{8B2AEA37-EC12-4FD7-B77A-621D573101F8}"
EndProject
Project("{FAE04EC0-301F-11D3-BF4B-00C04F79EFBC}") = "DatabaseBuilder", "DatabaseBuilder\DatabaseBuilder.csproj", "{69B9099B-C5CC-4814-A24C-E83A60E38D75}"
EndProject
Project("{FAE04EC0-301F-11D3-BF4B-00C04F79EFBC}") = "DomainBuilder", "DomainBuilder\DomainBuilder.csproj", "{46AB4424-98F1-4DF0-9940-3BAFFA5C92E6}"
EndProject
Project("{FAE04EC0-301F-11D3-BF4B-00C04F79EFBC}") = "ViewBuilder", "ViewBuilder\ViewBuilder.csproj", "{71E00E51-1BAB-441D-9741-0DBC107A3C24}"
EndProject
Project("{FAE04EC0-301F-11D3-BF4B-00C04F79EFBC}") = "Repositories", "Repositories\Repositories.csproj", "{21C1D6E6-F133-4E34-88AE-A2DB78F816E6}"
EndProject
Project("{2150E333-8FDC-42A3-9474-1A3956D46DE8}") = "DB", "DB", "{A8AC2C5E-CDBF-496C-BD96-2996563DC889}"
EndProject
Global
	GlobalSection(SolutionConfigurationPlatforms) = preSolution
		Debug|Any CPU = Debug|Any CPU
		Release|Any CPU = Release|Any CPU
	EndGlobalSection
	GlobalSection(ProjectConfigurationPlatforms) = postSolution
		{F4EC79E3-F527-4C2E-8E09-DC2D958BA2EC}.Debug|Any CPU.ActiveCfg = Debug|Any CPU
		{F4EC79E3-F527-4C2E-8E09-DC2D958BA2EC}.Debug|Any CPU.Build.0 = Debug|Any CPU
		{F4EC79E3-F527-4C2E-8E09-DC2D958BA2EC}.Release|Any CPU.ActiveCfg = Release|Any CPU
		{F4EC79E3-F527-4C2E-8E09-DC2D958BA2EC}.Release|Any CPU.Build.0 = Release|Any CPU
		{2FCB0BAC-78D5-4099-BF25-C0A119240528}.Debug|Any CPU.ActiveCfg = Debug|Any CPU
		{2FCB0BAC-78D5-4099-BF25-C0A119240528}.Debug|Any CPU.Build.0 = Debug|Any CPU
		{2FCB0BAC-78D5-4099-BF25-C0A119240528}.Release|Any CPU.ActiveCfg = Release|Any CPU
		{2FCB0BAC-78D5-4099-BF25-C0A119240528}.Release|Any CPU.Build.0 = Release|Any CPU
		{5824D4E7-49AA-453B-8E3A-6646EA85F07A}.Debug|Any CPU.ActiveCfg = Debug|Any CPU
		{5824D4E7-49AA-453B-8E3A-6646EA85F07A}.Debug|Any CPU.Build.0 = Debug|Any CPU
		{5824D4E7-49AA-453B-8E3A-6646EA85F07A}.Release|Any CPU.ActiveCfg = Release|Any CPU
		{5824D4E7-49AA-453B-8E3A-6646EA85F07A}.Release|Any CPU.Build.0 = Release|Any CPU
		{B03BD2D2-7AF2-4F0E-83A3-28AA65AEC656}.Debug|Any CPU.ActiveCfg = Debug|Any CPU
		{B03BD2D2-7AF2-4F0E-83A3-28AA65AEC656}.Debug|Any CPU.Build.0 = Debug|Any CPU
		{B03BD2D2-7AF2-4F0E-83A3-28AA65AEC656}.Release|Any CPU.ActiveCfg = Release|Any CPU
		{B03BD2D2-7AF2-4F0E-83A3-28AA65AEC656}.Release|Any CPU.Build.0 = Release|Any CPU
		{8B2AEA37-EC12-4FD7-B77A-621D573101F8}.Debug|Any CPU.ActiveCfg = Debug|Any CPU
		{8B2AEA37-EC12-4FD7-B77A-621D573101F8}.Debug|Any CPU.Build.0 = Debug|Any CPU
		{8B2AEA37-EC12-4FD7-B77A-621D573101F8}.Release|Any CPU.ActiveCfg = Release|Any CPU
		{8B2AEA37-EC12-4FD7-B77A-621D573101F8}.Release|Any CPU.Build.0 = Release|Any CPU
		{69B9099B-C5CC-4814-A24C-E83A60E38D75}.Debug|Any CPU.ActiveCfg = Debug|Any CPU
		{69B9099B-C5CC-4814-A24C-E83A60E38D75}.Debug|Any CPU.Build.0 = Debug|Any CPU
		{69B9099B-C5CC-4814-A24C-E83A60E38D75}.Release|Any CPU.ActiveCfg = Release|Any CPU
		{69B9099B-C5CC-4814-A24C-E83A60E38D75}.Release|Any CPU.Build.0 = Release|Any CPU
		{46AB4424-98F1-4DF0-9940-3BAFFA5C92E6}.Debug|Any CPU.ActiveCfg = Debug|Any CPU
		{46AB4424-98F1-4DF0-9940-3BAFFA5C92E6}.Debug|Any CPU.Build.0 = Debug|Any CPU
		{46AB4424-98F1-4DF0-9940-3BAFFA5C92E6}.Release|Any CPU.ActiveCfg = Release|Any CPU
		{46AB4424-98F1-4DF0-9940-3BAFFA5C92E6}.Release|Any CPU.Build.0 = Release|Any CPU
		{71E00E51-1BAB-441D-9741-0DBC107A3C24}.Debug|Any CPU.ActiveCfg = Debug|Any CPU
		{71E00E51-1BAB-441D-9741-0DBC107A3C24}.Debug|Any CPU.Build.0 = Debug|Any CPU
		{71E00E51-1BAB-441D-9741-0DBC107A3C24}.Release|Any CPU.ActiveCfg = Release|Any CPU
		{71E00E51-1BAB-441D-9741-0DBC107A3C24}.Release|Any CPU.Build.0 = Release|Any CPU
		{21C1D6E6-F133-4E34-88AE-A2DB78F816E6}.Debug|Any CPU.ActiveCfg = Debug|Any CPU
		{21C1D6E6-F133-4E34-88AE-A2DB78F816E6}.Debug|Any CPU.Build.0 = Debug|Any CPU
		{21C1D6E6-F133-4E34-88AE-A2DB78F816E6}.Release|Any CPU.ActiveCfg = Release|Any CPU
		{21C1D6E6-F133-4E34-88AE-A2DB78F816E6}.Release|Any CPU.Build.0 = Release|Any CPU
	EndGlobalSection
	GlobalSection(NestedProjects) = preSolution
		{2FCB0BAC-78D5-4099-BF25-C0A119240528} = {6061AB10-8931-47CB-B49C-9F181A78E787}
		{5824D4E7-49AA-453B-8E3A-6646EA85F07A} = {6061AB10-8931-47CB-B49C-9F181A78E787}
		{6631AF99-A91D-41A4-A9F9-6E4F5CCEF867} = {6061AB10-8931-47CB-B49C-9F181A78E787}
		{B03BD2D2-7AF2-4F0E-83A3-28AA65AEC656} = {6061AB10-8931-47CB-B49C-9F181A78E787}
		{8B2AEA37-EC12-4FD7-B77A-621D573101F8} = {6061AB10-8931-47CB-B49C-9F181A78E787}
		{69B9099B-C5CC-4814-A24C-E83A60E38D75} = {6631AF99-A91D-41A4-A9F9-6E4F5CCEF867}
		{46AB4424-98F1-4DF0-9940-3BAFFA5C92E6} = {6631AF99-A91D-41A4-A9F9-6E4F5CCEF867}
		{71E00E51-1BAB-441D-9741-0DBC107A3C24} = {6631AF99-A91D-41A4-A9F9-6E4F5CCEF867}
		{21C1D6E6-F133-4E34-88AE-A2DB78F816E6} = {A8AC2C5E-CDBF-496C-BD96-2996563DC889}
	EndGlobalSection
EndGlobal
